
Microsoft Visual Studio Solution File, Format Version 12.00
# Visual Studio Version 16
VisualStudioVersion = 16.0.29123.88
MinimumVisualStudioVersion = 10.0.40219.1
Project("{9A19103F-16F7-4668-BE54-9A1E7A4F7556}") = "MJ.Cuisines.MobileApp", "MJ.Cuisines.MobileApp\MJ.Cuisines.MobileApp\MJ.Cuisines.MobileApp.csproj", "{B2B2023A-A099-413C-B9AD-1426957BAC36}"
EndProject
Project("{FAE04EC0-301F-11D3-BF4B-00C04F79EFBC}") = "MJ.Cuisines.MobileApp.Android", "MJ.Cuisines.MobileApp\MJ.Cuisines.MobileApp.Android\MJ.Cuisines.MobileApp.Android.csproj", "{94B329DB-AE2C-4B98-996F-7CFB9E050454}"
EndProject
Project("{FAE04EC0-301F-11D3-BF4B-00C04F79EFBC}") = "MJ.Cuisines.MobileApp.iOS", "MJ.Cuisines.MobileApp\MJ.Cuisines.MobileApp.iOS\MJ.Cuisines.MobileApp.iOS.csproj", "{9DD506E7-D4E3-42CC-B914-6C4780ACC155}"
EndProject
Project("{FAE04EC0-301F-11D3-BF4B-00C04F79EFBC}") = "MJ.Cuisines.Domain", "MJ.Cuisines.Domain\MJ.Cuisines.Domain.csproj", "{032A480B-3331-4367-AF39-29B620592AA1}"
EndProject
Project("{FAE04EC0-301F-11D3-BF4B-00C04F79EFBC}") = "MJ.Cuisines.Common", "MJ.Cuisines.Common\MJ.Cuisines.Common.csproj", "{8702DA26-AE4D-4C53-8D15-7DC36F748D04}"
EndProject
Global
	GlobalSection(SolutionConfigurationPlatforms) = preSolution
		Ad-Hoc|Any CPU = Ad-Hoc|Any CPU
		Ad-Hoc|iPhone = Ad-Hoc|iPhone
		Ad-Hoc|iPhoneSimulator = Ad-Hoc|iPhoneSimulator
		AppStore|Any CPU = AppStore|Any CPU
		AppStore|iPhone = AppStore|iPhone
		AppStore|iPhoneSimulator = AppStore|iPhoneSimulator
		Debug|Any CPU = Debug|Any CPU
		Debug|iPhone = Debug|iPhone
		Debug|iPhoneSimulator = Debug|iPhoneSimulator
		Release|Any CPU = Release|Any CPU
		Release|iPhone = Release|iPhone
		Release|iPhoneSimulator = Release|iPhoneSimulator
	EndGlobalSection
	GlobalSection(ProjectConfigurationPlatforms) = postSolution
		{B2B2023A-A099-413C-B9AD-1426957BAC36}.Ad-Hoc|Any CPU.ActiveCfg = Debug|Any CPU
		{B2B2023A-A099-413C-B9AD-1426957BAC36}.Ad-Hoc|Any CPU.Build.0 = Debug|Any CPU
		{B2B2023A-A099-413C-B9AD-1426957BAC36}.Ad-Hoc|iPhone.ActiveCfg = Debug|Any CPU
		{B2B2023A-A099-413C-B9AD-1426957BAC36}.Ad-Hoc|iPhone.Build.0 = Debug|Any CPU
		{B2B2023A-A099-413C-B9AD-1426957BAC36}.Ad-Hoc|iPhoneSimulator.ActiveCfg = Debug|Any CPU
		{B2B2023A-A099-413C-B9AD-1426957BAC36}.Ad-Hoc|iPhoneSimulator.Build.0 = Debug|Any CPU
		{B2B2023A-A099-413C-B9AD-1426957BAC36}.AppStore|Any CPU.ActiveCfg = Debug|Any CPU
		{B2B2023A-A099-413C-B9AD-1426957BAC36}.AppStore|Any CPU.Build.0 = Debug|Any CPU
		{B2B2023A-A099-413C-B9AD-1426957BAC36}.AppStore|iPhone.ActiveCfg = Debug|Any CPU
		{B2B2023A-A099-413C-B9AD-1426957BAC36}.AppStore|iPhone.Build.0 = Debug|Any CPU
		{B2B2023A-A099-413C-B9AD-1426957BAC36}.AppStore|iPhoneSimulator.ActiveCfg = Debug|Any CPU
		{B2B2023A-A099-413C-B9AD-1426957BAC36}.AppStore|iPhoneSimulator.Build.0 = Debug|Any CPU
		{B2B2023A-A099-413C-B9AD-1426957BAC36}.Debug|Any CPU.ActiveCfg = Debug|Any CPU
		{B2B2023A-A099-413C-B9AD-1426957BAC36}.Debug|Any CPU.Build.0 = Debug|Any CPU
		{B2B2023A-A099-413C-B9AD-1426957BAC36}.Debug|iPhone.ActiveCfg = Debug|Any CPU
		{B2B2023A-A099-413C-B9AD-1426957BAC36}.Debug|iPhone.Build.0 = Debug|Any CPU
		{B2B2023A-A099-413C-B9AD-1426957BAC36}.Debug|iPhoneSimulator.ActiveCfg = Debug|Any CPU
		{B2B2023A-A099-413C-B9AD-1426957BAC36}.Debug|iPhoneSimulator.Build.0 = Debug|Any CPU
		{B2B2023A-A099-413C-B9AD-1426957BAC36}.Release|Any CPU.ActiveCfg = Release|Any CPU
		{B2B2023A-A099-413C-B9AD-1426957BAC36}.Release|Any CPU.Build.0 = Release|Any CPU
		{B2B2023A-A099-413C-B9AD-1426957BAC36}.Release|iPhone.ActiveCfg = Release|Any CPU
		{B2B2023A-A099-413C-B9AD-1426957BAC36}.Release|iPhone.Build.0 = Release|Any CPU
		{B2B2023A-A099-413C-B9AD-1426957BAC36}.Release|iPhoneSimulator.ActiveCfg = Release|Any CPU
		{B2B2023A-A099-413C-B9AD-1426957BAC36}.Release|iPhoneSimulator.Build.0 = Release|Any CPU
		{94B329DB-AE2C-4B98-996F-7CFB9E050454}.Ad-Hoc|Any CPU.ActiveCfg = Release|Any CPU
		{94B329DB-AE2C-4B98-996F-7CFB9E050454}.Ad-Hoc|Any CPU.Build.0 = Release|Any CPU
		{94B329DB-AE2C-4B98-996F-7CFB9E050454}.Ad-Hoc|Any CPU.Deploy.0 = Release|Any CPU
		{94B329DB-AE2C-4B98-996F-7CFB9E050454}.Ad-Hoc|iPhone.ActiveCfg = Release|Any CPU
		{94B329DB-AE2C-4B98-996F-7CFB9E050454}.Ad-Hoc|iPhone.Build.0 = Release|Any CPU
		{94B329DB-AE2C-4B98-996F-7CFB9E050454}.Ad-Hoc|iPhone.Deploy.0 = Release|Any CPU
		{94B329DB-AE2C-4B98-996F-7CFB9E050454}.Ad-Hoc|iPhoneSimulator.ActiveCfg = Release|Any CPU
		{94B329DB-AE2C-4B98-996F-7CFB9E050454}.Ad-Hoc|iPhoneSimulator.Build.0 = Release|Any CPU
		{94B329DB-AE2C-4B98-996F-7CFB9E050454}.Ad-Hoc|iPhoneSimulator.Deploy.0 = Release|Any CPU
		{94B329DB-AE2C-4B98-996F-7CFB9E050454}.AppStore|Any CPU.ActiveCfg = Release|Any CPU
		{94B329DB-AE2C-4B98-996F-7CFB9E050454}.AppStore|Any CPU.Build.0 = Release|Any CPU
		{94B329DB-AE2C-4B98-996F-7CFB9E050454}.AppStore|Any CPU.Deploy.0 = Release|Any CPU
		{94B329DB-AE2C-4B98-996F-7CFB9E050454}.AppStore|iPhone.ActiveCfg = Release|Any CPU
		{94B329DB-AE2C-4B98-996F-7CFB9E050454}.AppStore|iPhone.Build.0 = Release|Any CPU
		{94B329DB-AE2C-4B98-996F-7CFB9E050454}.AppStore|iPhone.Deploy.0 = Release|Any CPU
		{94B329DB-AE2C-4B98-996F-7CFB9E050454}.AppStore|iPhoneSimulator.ActiveCfg = Release|Any CPU
		{94B329DB-AE2C-4B98-996F-7CFB9E050454}.AppStore|iPhoneSimulator.Build.0 = Release|Any CPU
		{94B329DB-AE2C-4B98-996F-7CFB9E050454}.AppStore|iPhoneSimulator.Deploy.0 = Release|Any CPU
		{94B329DB-AE2C-4B98-996F-7CFB9E050454}.Debug|Any CPU.ActiveCfg = Debug|Any CPU
		{94B329DB-AE2C-4B98-996F-7CFB9E050454}.Debug|Any CPU.Build.0 = Debug|Any CPU
		{94B329DB-AE2C-4B98-996F-7CFB9E050454}.Debug|Any CPU.Deploy.0 = Debug|Any CPU
		{94B329DB-AE2C-4B98-996F-7CFB9E050454}.Debug|iPhone.ActiveCfg = Debug|Any CPU
		{94B329DB-AE2C-4B98-996F-7CFB9E050454}.Debug|iPhone.Build.0 = Debug|Any CPU
		{94B329DB-AE2C-4B98-996F-7CFB9E050454}.Debug|iPhone.Deploy.0 = Debug|Any CPU
		{94B329DB-AE2C-4B98-996F-7CFB9E050454}.Debug|iPhoneSimulator.ActiveCfg = Debug|Any CPU
		{94B329DB-AE2C-4B98-996F-7CFB9E050454}.Debug|iPhoneSimulator.Build.0 = Debug|Any CPU
		{94B329DB-AE2C-4B98-996F-7CFB9E050454}.Debug|iPhoneSimulator.Deploy.0 = Debug|Any CPU
		{94B329DB-AE2C-4B98-996F-7CFB9E050454}.Release|Any CPU.ActiveCfg = Release|Any CPU
		{94B329DB-AE2C-4B98-996F-7CFB9E050454}.Release|Any CPU.Build.0 = Release|Any CPU
		{94B329DB-AE2C-4B98-996F-7CFB9E050454}.Release|Any CPU.Deploy.0 = Release|Any CPU
		{94B329DB-AE2C-4B98-996F-7CFB9E050454}.Release|iPhone.ActiveCfg = Release|Any CPU
		{94B329DB-AE2C-4B98-996F-7CFB9E050454}.Release|iPhone.Build.0 = Release|Any CPU
		{94B329DB-AE2C-4B98-996F-7CFB9E050454}.Release|iPhone.Deploy.0 = Release|Any CPU
		{94B329DB-AE2C-4B98-996F-7CFB9E050454}.Release|iPhoneSimulator.ActiveCfg = Release|Any CPU
		{94B329DB-AE2C-4B98-996F-7CFB9E050454}.Release|iPhoneSimulator.Build.0 = Release|Any CPU
		{94B329DB-AE2C-4B98-996F-7CFB9E050454}.Release|iPhoneSimulator.Deploy.0 = Release|Any CPU
		{9DD506E7-D4E3-42CC-B914-6C4780ACC155}.Ad-Hoc|Any CPU.ActiveCfg = Ad-Hoc|iPhone
		{9DD506E7-D4E3-42CC-B914-6C4780ACC155}.Ad-Hoc|iPhone.ActiveCfg = Ad-Hoc|iPhone
		{9DD506E7-D4E3-42CC-B914-6C4780ACC155}.Ad-Hoc|iPhone.Build.0 = Ad-Hoc|iPhone
		{9DD506E7-D4E3-42CC-B914-6C4780ACC155}.Ad-Hoc|iPhoneSimulator.ActiveCfg = Ad-Hoc|iPhoneSimulator
		{9DD506E7-D4E3-42CC-B914-6C4780ACC155}.Ad-Hoc|iPhoneSimulator.Build.0 = Ad-Hoc|iPhoneSimulator
		{9DD506E7-D4E3-42CC-B914-6C4780ACC155}.AppStore|Any CPU.ActiveCfg = AppStore|iPhone
		{9DD506E7-D4E3-42CC-B914-6C4780ACC155}.AppStore|iPhone.ActiveCfg = AppStore|iPhone
		{9DD506E7-D4E3-42CC-B914-6C4780ACC155}.AppStore|iPhone.Build.0 = AppStore|iPhone
		{9DD506E7-D4E3-42CC-B914-6C4780ACC155}.AppStore|iPhoneSimulator.ActiveCfg = AppStore|iPhoneSimulator
		{9DD506E7-D4E3-42CC-B914-6C4780ACC155}.AppStore|iPhoneSimulator.Build.0 = AppStore|iPhoneSimulator
		{9DD506E7-D4E3-42CC-B914-6C4780ACC155}.Debug|Any CPU.ActiveCfg = Debug|iPhone
		{9DD506E7-D4E3-42CC-B914-6C4780ACC155}.Debug|iPhone.ActiveCfg = Debug|iPhone
		{9DD506E7-D4E3-42CC-B914-6C4780ACC155}.Debug|iPhone.Build.0 = Debug|iPhone
		{9DD506E7-D4E3-42CC-B914-6C4780ACC155}.Debug|iPhoneSimulator.ActiveCfg = Debug|iPhoneSimulator
		{9DD506E7-D4E3-42CC-B914-6C4780ACC155}.Debug|iPhoneSimulator.Build.0 = Debug|iPhoneSimulator
		{9DD506E7-D4E3-42CC-B914-6C4780ACC155}.Release|Any CPU.ActiveCfg = Release|iPhone
		{9DD506E7-D4E3-42CC-B914-6C4780ACC155}.Release|iPhone.ActiveCfg = Release|iPhone
		{9DD506E7-D4E3-42CC-B914-6C4780ACC155}.Release|iPhone.Build.0 = Release|iPhone
		{9DD506E7-D4E3-42CC-B914-6C4780ACC155}.Release|iPhoneSimulator.ActiveCfg = Release|iPhoneSimulator
		{9DD506E7-D4E3-42CC-B914-6C4780ACC155}.Release|iPhoneSimulator.Build.0 = Release|iPhoneSimulator
		{032A480B-3331-4367-AF39-29B620592AA1}.Ad-Hoc|Any CPU.ActiveCfg = Release|Any CPU
		{032A480B-3331-4367-AF39-29B620592AA1}.Ad-Hoc|Any CPU.Build.0 = Release|Any CPU
		{032A480B-3331-4367-AF39-29B620592AA1}.Ad-Hoc|iPhone.ActiveCfg = Release|Any CPU
		{032A480B-3331-4367-AF39-29B620592AA1}.Ad-Hoc|iPhone.Build.0 = Release|Any CPU
		{032A480B-3331-4367-AF39-29B620592AA1}.Ad-Hoc|iPhoneSimulator.ActiveCfg = Release|Any CPU
		{032A480B-3331-4367-AF39-29B620592AA1}.Ad-Hoc|iPhoneSimulator.Build.0 = Release|Any CPU
		{032A480B-3331-4367-AF39-29B620592AA1}.AppStore|Any CPU.ActiveCfg = Release|Any CPU
		{032A480B-3331-4367-AF39-29B620592AA1}.AppStore|Any CPU.Build.0 = Release|Any CPU
		{032A480B-3331-4367-AF39-29B620592AA1}.AppStore|iPhone.ActiveCfg = Release|Any CPU
		{032A480B-3331-4367-AF39-29B620592AA1}.AppStore|iPhone.Build.0 = Release|Any CPU
		{032A480B-3331-4367-AF39-29B620592AA1}.AppStore|iPhoneSimulator.ActiveCfg = Release|Any CPU
		{032A480B-3331-4367-AF39-29B620592AA1}.AppStore|iPhoneSimulator.Build.0 = Release|Any CPU
		{032A480B-3331-4367-AF39-29B620592AA1}.Debug|Any CPU.ActiveCfg = Debug|Any CPU
		{032A480B-3331-4367-AF39-29B620592AA1}.Debug|Any CPU.Build.0 = Debug|Any CPU
		{032A480B-3331-4367-AF39-29B620592AA1}.Debug|iPhone.ActiveCfg = Debug|Any CPU
		{032A480B-3331-4367-AF39-29B620592AA1}.Debug|iPhone.Build.0 = Debug|Any CPU
		{032A480B-3331-4367-AF39-29B620592AA1}.Debug|iPhoneSimulator.ActiveCfg = Debug|Any CPU
		{032A480B-3331-4367-AF39-29B620592AA1}.Debug|iPhoneSimulator.Build.0 = Debug|Any CPU
		{032A480B-3331-4367-AF39-29B620592AA1}.Release|Any CPU.ActiveCfg = Release|Any CPU
		{032A480B-3331-4367-AF39-29B620592AA1}.Release|Any CPU.Build.0 = Release|Any CPU
		{032A480B-3331-4367-AF39-29B620592AA1}.Release|iPhone.ActiveCfg = Release|Any CPU
		{032A480B-3331-4367-AF39-29B620592AA1}.Release|iPhone.Build.0 = Release|Any CPU
		{032A480B-3331-4367-AF39-29B620592AA1}.Release|iPhoneSimulator.ActiveCfg = Release|Any CPU
		{032A480B-3331-4367-AF39-29B620592AA1}.Release|iPhoneSimulator.Build.0 = Release|Any CPU
		{8702DA26-AE4D-4C53-8D15-7DC36F748D04}.Ad-Hoc|Any CPU.ActiveCfg = Release|Any CPU
		{8702DA26-AE4D-4C53-8D15-7DC36F748D04}.Ad-Hoc|Any CPU.Build.0 = Release|Any CPU
		{8702DA26-AE4D-4C53-8D15-7DC36F748D04}.Ad-Hoc|iPhone.ActiveCfg = Release|Any CPU
		{8702DA26-AE4D-4C53-8D15-7DC36F748D04}.Ad-Hoc|iPhone.Build.0 = Release|Any CPU
		{8702DA26-AE4D-4C53-8D15-7DC36F748D04}.Ad-Hoc|iPhoneSimulator.ActiveCfg = Release|Any CPU
		{8702DA26-AE4D-4C53-8D15-7DC36F748D04}.Ad-Hoc|iPhoneSimulator.Build.0 = Release|Any CPU
		{8702DA26-AE4D-4C53-8D15-7DC36F748D04}.AppStore|Any CPU.ActiveCfg = Release|Any CPU
		{8702DA26-AE4D-4C53-8D15-7DC36F748D04}.AppStore|Any CPU.Build.0 = Release|Any CPU
		{8702DA26-AE4D-4C53-8D15-7DC36F748D04}.AppStore|iPhone.ActiveCfg = Release|Any CPU
		{8702DA26-AE4D-4C53-8D15-7DC36F748D04}.AppStore|iPhone.Build.0 = Release|Any CPU
		{8702DA26-AE4D-4C53-8D15-7DC36F748D04}.AppStore|iPhoneSimulator.ActiveCfg = Release|Any CPU
		{8702DA26-AE4D-4C53-8D15-7DC36F748D04}.AppStore|iPhoneSimulator.Build.0 = Release|Any CPU
		{8702DA26-AE4D-4C53-8D15-7DC36F748D04}.Debug|Any CPU.ActiveCfg = Debug|Any CPU
		{8702DA26-AE4D-4C53-8D15-7DC36F748D04}.Debug|Any CPU.Build.0 = Debug|Any CPU
		{8702DA26-AE4D-4C53-8D15-7DC36F748D04}.Debug|iPhone.ActiveCfg = Debug|Any CPU
		{8702DA26-AE4D-4C53-8D15-7DC36F748D04}.Debug|iPhone.Build.0 = Debug|Any CPU
		{8702DA26-AE4D-4C53-8D15-7DC36F748D04}.Debug|iPhoneSimulator.ActiveCfg = Debug|Any CPU
		{8702DA26-AE4D-4C53-8D15-7DC36F748D04}.Debug|iPhoneSimulator.Build.0 = Debug|Any CPU
		{8702DA26-AE4D-4C53-8D15-7DC36F748D04}.Release|Any CPU.ActiveCfg = Release|Any CPU
		{8702DA26-AE4D-4C53-8D15-7DC36F748D04}.Release|Any CPU.Build.0 = Release|Any CPU
		{8702DA26-AE4D-4C53-8D15-7DC36F748D04}.Release|iPhone.ActiveCfg = Release|Any CPU
		{8702DA26-AE4D-4C53-8D15-7DC36F748D04}.Release|iPhone.Build.0 = Release|Any CPU
		{8702DA26-AE4D-4C53-8D15-7DC36F748D04}.Release|iPhoneSimulator.ActiveCfg = Release|Any CPU
		{8702DA26-AE4D-4C53-8D15-7DC36F748D04}.Release|iPhoneSimulator.Build.0 = Release|Any CPU
	EndGlobalSection
	GlobalSection(SolutionProperties) = preSolution
		HideSolutionNode = FALSE
	EndGlobalSection
	GlobalSection(ExtensibilityGlobals) = postSolution
		SolutionGuid = {B0AC8E1D-C64A-4F37-87EC-54E31BFF3675}
	EndGlobalSection
EndGlobal
